schema: '2.0'
stages:
  retrieve:
    cmd: python src/retrieve/retrieve/main.py
    deps:
    - path: src/common/common/util.py
      hash: md5
      md5: 36e892ffb22037303c447945a5dab4c8
      size: 296
    - path: src/retrieve/retrieve/main.py
      hash: md5
      md5: 350dd17357d251a7c119289965e7afcd
      size: 1229
    outs:
    - path: data/retrieve
      hash: md5
      md5: 2c021161d859109ad73f680693aa9cfc.dir
      size: 18878
      nfiles: 1
  extract:
    cmd: python src/extract/extract/main.py --data-dir data/retrieve/
    deps:
    - path: data/retrieve/
      hash: md5
      md5: 2c021161d859109ad73f680693aa9cfc.dir
      size: 18878
      nfiles: 1
    - path: src/extract/extract/main.py
      hash: md5
      md5: 21d281301d254207ac4f5789dddec7fd
      size: 1356
    outs:
    - path: data/extract
      hash: md5
      md5: 1cb6576e61da3b7879f9d8b3c94d72a9.dir
      size: 7379
      nfiles: 1
